
Microsoft Visual Studio Solution File, Format Version 12.00
# Visual Studio Version 17
VisualStudioVersion = 17.14.36623.8 d17.14
MinimumVisualStudioVersion = 10.0.40219.1
Project("{FAE04EC0-301F-11D3-BF4B-00C04F79EFBC}") = "InventoryApi", "InventoryApi\InventoryApi.csproj", "{9362A059-6581-4213-9DE2-43AF7A55A7FF}"
EndProject
Global
	GlobalSection(SolutionConfigurationPlatforms) = preSolution
		Debug|Any CPU = Debug|Any CPU
		Release|Any CPU = Release|Any CPU
	EndGlobalSection
	GlobalSection(ProjectConfigurationPlatforms) = postSolution
		{9362A059-6581-4213-9DE2-43AF7A55A7FF}.Debug|Any CPU.ActiveCfg = Debug|Any CPU
		{9362A059-6581-4213-9DE2-43AF7A55A7FF}.Debug|Any CPU.Build.0 = Debug|Any CPU
		{9362A059-6581-4213-9DE2-43AF7A55A7FF}.Release|Any CPU.ActiveCfg = Release|Any CPU
		{9362A059-6581-4213-9DE2-43AF7A55A7FF}.Release|Any CPU.Build.0 = Release|Any CPU
	EndGlobalSection
	GlobalSection(SolutionProperties) = preSolution
		HideSolutionNode = FALSE
	EndGlobalSection
	GlobalSection(ExtensibilityGlobals) = postSolution
		SolutionGuid = {D36FB0C7-F492-4528-92EE-452E7ED86978}
	EndGlobalSection
EndGlobal
